// !$*UTF8*$!
{
	archiveVersion = 1;
	classes = {
	};
	objectVersion = 50;
	objects = {

/* Begin PBXBuildFile section */
		63CBBD892543FF4D003BF985 /* AppDelegate.swift in Sources */ = {isa = PBXBuildFile; fileRef = 63CBBD882543FF4D003BF985 /* AppDelegate.swift */; };
		63CBBD8B2543FF4D003BF985 /* SceneDelegate.swift in Sources */ = {isa = PBXBuildFile; fileRef = 63CBBD8A2543FF4D003BF985 /* SceneDelegate.swift */; };
		63CBBD8D2543FF4D003BF985 /* ViewController.swift in Sources */ = {isa = PBXBuildFile; fileRef = 63CBBD8C2543FF4D003BF985 /* ViewController.swift */; };
		63CBBD902543FF4D003BF985 /* Main.storyboard in Resources */ = {isa = PBXBuildFile; fileRef = 63CBBD8E2543FF4D003BF985 /* Main.storyboard */; };
		63CBBD922543FF4F003BF985 /* Assets.xcassets in Resources */ = {isa = PBXBuildFile; fileRef = 63CBBD912543FF4F003BF985 /* Assets.xcassets */; };
		63CBBD952543FF4F003BF985 /* LaunchScreen.storyboard in Resources */ = {isa = PBXBuildFile; fileRef = 63CBBD932543FF4F003BF985 /* LaunchScreen.storyboard */; };
		63CBBDA02543FFC9003BF985 /* Toggle.swift in Sources */ = {isa = PBXBuildFile; fileRef = 63CBBD9F2543FFC9003BF985 /* Toggle.swift */; };
/* End PBXBuildFile section */

/* Begin PBXFileReference section */
		63CBBD852543FF4D003BF985 /* SwitchExample.app */ = {isa = PBXFileReference; explicitFileType = wrapper.application; includeInIndex = 0; path = SwitchExample.app; sourceTree = BUILT_PRODUCTS_DIR; };
		63CBBD882543FF4D003BF985 /* AppDelegate.swift */ = {isa = PBXFileReference; lastKnownFileType = sourcecode.swift; path = AppDelegate.swift; sourceTree = "<group>"; };
		63CBBD8A2543FF4D003BF985 /* SceneDelegate.swift */ = {isa = PBXFileReference; lastKnownFileType = sourcecode.swift; path = SceneDelegate.swift; sourceTree = "<group>"; };
		63CBBD8C2543FF4D003BF985 /* ViewController.swift */ = {isa = PBXFileReference; lastKnownFileType = sourcecode.swift; path = ViewController.swift; sourceTree = "<group>"; };
		63CBBD8F2543FF4D003BF985 /* Base */ = {isa = PBXFileReference; lastKnownFileType = file.storyboard; name = Base; path = Base.lproj/Main.storyboard; sourceTree = "<group>"; };
		63CBBD912543FF4F003BF985 /* Assets.xcassets */ = {isa = PBXFileReference; lastKnownFileType = folder.assetcatalog; path = Assets.xcassets; sourceTree = "<group>"; };
		63CBBD942543FF4F003BF985 /* Base */ = {isa = PBXFileReference; lastKnownFileType = file.storyboard; name = Base; path = Base.lproj/LaunchScreen.storyboard; sourceTree = "<group>"; };
		63CBBD962543FF4F003BF985 /* Info.plist */ = {isa = PBXFileReference; lastKnownFileType = text.plist.xml; path = Info.plist; sourceTree = "<group>"; };
		63CBBD9F2543FFC9003BF985 /* Toggle.swift */ = {isa = PBXFileReference; lastKnownFileType = sourcecode.swift; path = Toggle.swift; sourceTree = "<group>"; };
/* End PBXFileReference section */

/* Begin PBXFrameworksBuildPhase section */
		63CBBD822543FF4D003BF985 /* Frameworks */ = {
			isa = PBXFrameworksBuildPhase;
			buildActionMask = 2147483647;
			files = (
			);
			runOnlyForDeploymentPostprocessing = 0;
		};
/* End PBXFrameworksBuildPhase section */

/* Begin PBXGroup section */
		63CBBD7C2543FF4D003BF985 = {
			isa = PBXGroup;
			children = (
				63CBBD872543FF4D003BF985 /* SwitchExample */,
				63CBBD862543FF4D003BF985 /* Products */,
			);
			sourceTree = "<group>";
		};
		63CBBD862543FF4D003BF985 /* Products */ = {
			isa = PBXGroup;
			children = (
				63CBBD852543FF4D003BF985 /* SwitchExample.app */,
			);
			name = Products;
			sourceTree = "<group>";
		};
		63CBBD872543FF4D003BF985 /* SwitchExample */ = {
			isa = PBXGroup;
			children = (
				63CBBD9C2543FF73003BF985 /* Toggle */,
				63CBBD882543FF4D003BF985 /* AppDelegate.swift */,
				63CBBD8A2543FF4D003BF985 /* SceneDelegate.swift */,
				63CBBD8C2543FF4D003BF985 /* ViewController.swift */,
				63CBBD8E2543FF4D003BF985 /* Main.storyboard */,
				63CBBD912543FF4F003BF985 /* Assets.xcassets */,
				63CBBD932543FF4F003BF985 /* LaunchScreen.storyboard */,
				63CBBD962543FF4F003BF985 /* Info.plist */,
			);
			path = SwitchExample;
			sourceTree = "<group>";
		};
		63CBBD9C2543FF73003BF985 /* Toggle */ = {
			isa = PBXGroup;
			children = (
				63CBBD9F2543FFC9003BF985 /* Toggle.swift */,
			);
			path = Toggle;
			sourceTree = "<group>";
		};
/* End PBXGroup section */

/* Begin PBXNativeTarget section */
		63CBBD842543FF4D003BF985 /* SwitchExample */ = {
			isa = PBXNativeTarget;
			buildConfigurationList = 63CBBD992543FF4F003BF985 /* Build configuration list for PBXNativeTarget "SwitchExample" */;
			buildPhases = (
				63CBBD812543FF4D003BF985 /* Sources */,
				63CBBD822543FF4D003BF985 /* Frameworks */,
				63CBBD832543FF4D003BF985 /* Resources */,
			);
			buildRules = (
			);
			dependencies = (
			);
			name = SwitchExample;
			productName = SwitchExample;
			productReference = 63CBBD852543FF4D003BF985 /* SwitchExample.app */;
			productType = "com.apple.product-type.application";
		};
/* End PBXNativeTarget section */

/* Begin PBXProject section */
		63CBBD7D2543FF4D003BF985 /* Project object */ = {
			isa = PBXProject;
			attributes = {
				LastSwiftUpdateCheck = 1130;
				LastUpgradeCheck = 1130;
				ORGANIZATIONNAME = "Sachin Kumar";
				TargetAttributes = {
					63CBBD842543FF4D003BF985 = {
						CreatedOnToolsVersion = 11.3;
					};
				};
			};
			buildConfigurationList = 63CBBD802543FF4D003BF985 /* Build configuration list for PBXProject "SwitchExample" */;
			compatibilityVersion = "Xcode 9.3";
			developmentRegion = en;
			hasScannedForEncodings = 0;
			knownRegions = (
				en,
				Base,
			);
			mainGroup = 63CBBD7C2543FF4D003BF985;
			productRefGroup = 63CBBD862543FF4D003BF985 /* Products */;
			projectDirPath = "";
			projectRoot = "";
			targets = (
				63CBBD842543FF4D003BF985 /* SwitchExample */,
			);
		};
/* End PBXProject section */

/* Begin PBXResourcesBuildPhase section */
		63CBBD832543FF4D003BF985 /* Resources */ = {
			isa = PBXResourcesBuildPhase;
			buildActionMask = 2147483647;
			files = (
				63CBBD952543FF4F003BF985 /* LaunchScreen.storyboard in Resources */,
				63CBBD922543FF4F003BF985 /* Assets.xcassets in Resources */,
				63CBBD902543FF4D003BF985 /* Main.storyboard in Resources */,
			);
			runOnlyForDeploymentPostprocessing = 0;
		};
/* End PBXResourcesBuildPhase section */

/* Begin PBXSourcesBuildPhase section */
		63CBBD812543FF4D003BF985 /* Sources */ = {
			isa = PBXSourcesBuildPhase;
			buildActionMask = 2147483647;
			files = (
				63CBBD8D2543FF4D003BF985 /* ViewController.swift in Sources */,
				63CBBDA02543FFC9003BF985 /* Toggle.swift in Sources */,
				63CBBD892543FF4D003BF985 /* AppDelegate.swift in Sources */,
				63CBBD8B2543FF4D003BF985 /* SceneDelegate.swift in Sources */,
			);
			runOnlyForDeploymentPostprocessing = 0;
		};
/* End PBXSourcesBuildPhase section */

/* Begin PBXVariantGroup section */
		63CBBD8E2543FF4D003BF985 /* Main.storyboard */ = {
			isa = PBXVariantGroup;
			children = (
				63CBBD8F2543FF4D003BF985 /* Base */,
			);
			name = Main.storyboard;
			sourceTree = "<group>";
		};
		63CBBD932543FF4F003BF985 /* LaunchScreen.storyboard */ = {
			isa = PBXVariantGroup;
			children = (
				63CBBD942543FF4F003BF985 /* Base */,
			);
			name = LaunchScreen.storyboard;
			sourceTree = "<group>";
		};
/* End PBXVariantGroup section */

/* Begin XCBuildConfiguration section */
		63CBBD972543FF4F003BF985 /* Debug */ = {
			isa = XCBuildConfiguration;
			buildSettings = {
				ALWAYS_SEARCH_USER_PATHS = NO;
				CLANG_ANALYZER_NONNULL = YES;
				CLANG_ANALYZER_NUMBER_OBJECT_CONVERSION = YES_AGGRESSIVE;
				CLANG_CXX_LANGUAGE_STANDARD = "gnu++14";
				CLANG_CXX_LIBRARY = "libc++";
				CLANG_ENABLE_MODULES = YES;
				CLANG_ENABLE_OBJC_ARC = YES;
				CLANG_ENABLE_OBJC_WEAK = YES;
				CLANG_WARN_BLOCK_CAPTURE_AUTORELEASING = YES;
				CLANG_WARN_BOOL_CONVERSION = YES;
				CLANG_WARN_COMMA = YES;
				CLANG_WARN_CONSTANT_CONVERSION = YES;
				CLANG_WARN_DEPRECATED_OBJC_IMPLEMENTATIONS = YES;
				CLANG_WARN_DIRECT_OBJC_ISA_USAGE = YES_ERROR;
				CLANG_WARN_DOCUMENTATION_COMMENTS = YES;
				CLANG_WARN_EMPTY_BODY = YES;
				CLANG_WARN_ENUM_CONVERSION = YES;
				CLANG_WARN_INFINITE_RECURSION = YES;
				CLANG_WARN_INT_CONVERSION = YES;
				CLANG_WARN_NON_LITERAL_NULL_CONVERSION = YES;
				CLANG_WARN_OBJC_IMPLICIT_RETAIN_SELF = YES;
				CLANG_WARN_OBJC_LITERAL_CONVERSION = YES;
				CLANG_WARN_OBJC_ROOT_CLASS = YES_ERROR;
				CLANG_WARN_RANGE_LOOP_ANALYSIS = YES;
				CLANG_WARN_STRICT_PROTOTYPES = YES;
				CLANG_WARN_SUSPICIOUS_MOVE = YES;
				CLANG_WARN_UNGUARDED_AVAILABILITY = YES_AGGRESSIVE;
				CLANG_WARN_UNREACHABLE_CODE = YES;
				CLANG_WARN__DUPLICATE_METHOD_MATCH = YES;
				COPY_PHASE_STRIP = NO;
				DEBUG_INFORMATION_FORMAT = dwarf;
				ENABLE_STRICT_OBJC_MSGSEND = YES;
				ENABLE_TESTABILITY = YES;
				GCC_C_LANGUAGE_STANDARD = gnu11;
				GCC_DYNAMIC_NO_PIC = NO;
				GCC_NO_COMMON_BLOCKS = YES;
				GCC_OPTIMIZATION_LEVEL = 0;
				GCC_PREPROCESSOR_DEFINITIONS = (
					"DEBUG=1",
					"$(inherited)",
				);
				GCC_WARN_64_TO_32_BIT_CONVERSION = YES;
				GCC_WARN_ABOUT_RETURN_TYPE = YES_ERROR;
				GCC_WARN_UNDECLARED_SELECTOR = YES;
				GCC_WARN_UNINITIALIZED_AUTOS = YES_AGGRESSIVE;
				GCC_WARN_UNUSED_FUNCTION = YES;
				GCC_WARN_UNUSED_VARIABLE = YES;
				IPHONEOS_DEPLOYMENT_TARGET = 13.2;
				MTL_ENABLE_DEBUG_INFO = INCLUDE_SOURCE;
				MTL_FAST_MATH = YES;
				ONLY_ACTIVE_ARCH = YES;
				SDKROOT = iphoneos;
				SWIFT_ACTIVE_COMPILATION_CONDITIONS = DEBUG;
				SWIFT_OPTIMIZATION_LEVEL = "-Onone";
			};
			name = Debug;
		};
		63CBBD982543FF4F003BF985 /* Release */ = {
			isa = XCBuildConfiguration;
			buildSettings = {
				ALWAYS_SEARCH_USER_PATHS = NO;
				CLANG_ANALYZER_NONNULL = YES;
				CLANG_ANALYZER_NUMBER_OBJECT_CONVERSION = YES_AGGRESSIVE;
				CLANG_CXX_LANGUAGE_STANDARD = "gnu++14";
				CLANG_CXX_LIBRARY = "libc++";
				CLANG_ENABLE_MODULES = YES;
				CLANG_ENABLE_OBJC_ARC = YES;
				CLANG_ENABLE_OBJC_WEAK = YES;
				CLANG_WARN_BLOCK_CAPTURE_AUTORELEASING = YES;
				CLANG_WARN_BOOL_CONVERSION = YES;
				CLANG_WARN_COMMA = YES;
				CLANG_WARN_CONSTANT_CONVERSION = YES;
				CLANG_WARN_DEPRECATED_OBJC_IMPLEMENTATIONS = YES;
				CLANG_WARN_DIRECT_OBJC_ISA_USAGE = YES_ERROR;
				CLANG_WARN_DOCUMENTATION_COMMENTS = YES;
				CLANG_WARN_EMPTY_BODY = YES;
				CLANG_WARN_ENUM_CONVERSION = YES;
				CLANG_WARN_INFINITE_RECURSION = YES;
				CLANG_WARN_INT_CONVERSION = YES;
				CLANG_WARN_NON_LITERAL_NULL_CONVERSION = YES;
				CLANG_WARN_OBJC_IMPLICIT_RETAIN_SELF = YES;
				CLANG_WARN_OBJC_LITERAL_CONVERSION = YES;
				CLANG_WARN_OBJC_ROOT_CLASS = YES_ERROR;
				CLANG_WARN_RANGE_LOOP_ANALYSIS = YES;
				CLANG_WARN_STRICT_PROTOTYPES = YES;
				CLANG_WARN_SUSPICIOUS_MOVE = YES;
				CLANG_WARN_UNGUARDED_AVAILABILITY = YES_AGGRESSIVE;
				CLANG_WARN_UNREACHABLE_CODE = YES;
				CLANG_WARN__DUPLICATE_METHOD_MATCH = YES;
				COPY_PHASE_STRIP = NO;
				DEBUG_INFORMATION_FORMAT = "dwarf-with-dsym";
				ENABLE_NS_ASSERTIONS = NO;
				ENABLE_STRICT_OBJC_MSGSEND = YES;
				GCC_C_LANGUAGE_STANDARD = gnu11;
				GCC_NO_COMMON_BLOCKS = YES;
				GCC_WARN_64_TO_32_BIT_CONVERSION = YES;
				GCC_WARN_ABOUT_RETURN_TYPE = YES_ERROR;
				GCC_WARN_UNDECLARED_SELECTOR = YES;
				GCC_WARN_UNINITIALIZED_AUTOS = YES_AGGRESSIVE;
				GCC_WARN_UNUSED_FUNCTION = YES;
				GCC_WARN_UNUSED_VARIABLE = YES;
				IPHONEOS_DEPLOYMENT_TARGET = 13.2;
				MTL_ENABLE_DEBUG_INFO = NO;
				MTL_FAST_MATH = YES;
				SDKROOT = iphoneos;
				SWIFT_COMPILATION_MODE = wholemodule;
				SWIFT_OPTIMIZATION_LEVEL = "-O";
				VALIDATE_PRODUCT = YES;
			};
			name = Release;
		};
		63CBBD9A2543FF4F003BF985 /* Debug */ = {
			isa = XCBuildConfiguration;
			buildSettings = {
				ASSETCATALOG_COMPILER_APPICON_NAME = AppIcon;
				CODE_SIGN_STYLE = Automatic;
				DEVELOPMENT_TEAM = L7L5PV4FNM;
				INFOPLIST_FILE = SwitchExample/Info.plist;
				LD_RUNPATH_SEARCH_PATHS = (
					"$(inherited)",
					"@executable_path/Frameworks",
				);
				PRODUCT_BUNDLE_IDENTIFIER = com.BarForYou.SwitchExample;
				PRODUCT_NAME = "$(TARGET_NAME)";
				SWIFT_VERSION = 5.0;
				TARGETED_DEVICE_FAMILY = "1,2";
			};
			name = Debug;
		};
		63CBBD9B2543FF4F003BF985 /* Release */ = {
			isa = XCBuildConfiguration;
			buildSettings = {
				ASSETCATALOG_COMPILER_APPICON_NAME = AppIcon;
				CODE_SIGN_STYLE = Automatic;
				DEVELOPMENT_TEAM = L7L5PV4FNM;
				INFOPLIST_FILE = SwitchExample/Info.plist;
				LD_RUNPATH_SEARCH_PATHS = (
					"$(inherited)",
					"@executable_path/Frameworks",
				);
				PRODUCT_BUNDLE_IDENTIFIER = com.BarForYou.SwitchExample;
				PRODUCT_NAME = "$(TARGET_NAME)";
				SWIFT_VERSION = 5.0;
				TARGETED_DEVICE_FAMILY = "1,2";
			};
			name = Release;
		};
/* End XCBuildConfiguration section */

/* Begin XCConfigurationList section */
		63CBBD802543FF4D003BF985 /* Build configuration list for PBXProject "SwitchExample" */ = {
			isa = XCConfigurationList;
			buildConfigurations = (
				63CBBD972543FF4F003BF985 /* Debug */,
				63CBBD982543FF4F003BF985 /* Release */,
			);
			defaultConfigurationIsVisible = 0;
			defaultConfigurationName = Release;
		};
		63CBBD992543FF4F003BF985 /* Build configuration list for PBXNativeTarget "SwitchExample" */ = {
			isa = XCConfigurationList;
			buildConfigurations = (
				63CBBD9A2543FF4F003BF985 /* Debug */,
				63CBBD9B2543FF4F003BF985 /* Release */,
			);
			defaultConfigurationIsVisible = 0;
			defaultConfigurationName = Release;
		};
/* End XCConfigurationList section */
	};
	rootObject = 63CBBD7D2543FF4D003BF985 /* Project object */;
}
